{
  "name": "Lungelo Sibisi",
  "lockfileVersion": 3,
  "requires": true,
  "packages": {
    "": {
      "devDependencies": {
        "@types/babel-core": "^6.25.10",
        "@types/babel-generator": "^6.25.8",
        "@types/babel-template": "^6.25.5",
        "@types/babel-traverse": "^6.25.10",
        "@types/estree": "^1.0.8"
      }
    },
    "node_modules/@types/babel-core": {
      "version": "6.25.10",
      "resolved": "https://registry.npmjs.org/@types/babel-core/-/babel-core-6.25.10.tgz",
      "integrity": "sha512-VyqZTf+n8wj+8Powi4k2PwQiHT6ESJb6BEX5IETfmPzdZ9G2sOtFIopdpC2TI3T4Tmf1Shys2QeRv4ZBi4U2EA==",
      "dev": true,
      "license": "MIT",
      "dependencies": {
        "@types/babel-generator": "*",
        "@types/babel-template": "*",
        "@types/babel-traverse": "*",
        "@types/babel-types": "*",
        "@types/babylon": "*"
      }
    },
    "node_modules/@types/babel-generator": {
      "version": "6.25.8",
      "resolved": "https://registry.npmjs.org/@types/babel-generator/-/babel-generator-6.25.8.tgz",
      "integrity": "sha512-f5l89J0UpYhTE6TFCxy3X+8pJVru1eig1fcvF9qHmOk9h1VxZimd+++tu5GShntCOdhE/MoZZ0SlpGTyh4XrKg==",
      "dev": true,
      "license": "MIT",
      "dependencies": {
        "@types/babel-types": "*"
      }
    },
    "node_modules/@types/babel-template": {
      "version": "6.25.5",
      "resolved": "https://registry.npmjs.org/@types/babel-template/-/babel-template-6.25.5.tgz",
      "integrity": "sha512-1f+n65xfg9ukqz+BaHYrCWe3Fymv4Ho0i9fU/MHri8MQKU+S4n+vexR5hXs+94d/fsaMLMP45q0hX6FRspKLiQ==",
      "dev": true,
      "license": "MIT",
      "dependencies": {
        "@types/babel-types": "*",
        "@types/babylon": "*"
      }
    },
    "node_modules/@types/babel-traverse": {
      "version": "6.25.10",
      "resolved": "https://registry.npmjs.org/@types/babel-traverse/-/babel-traverse-6.25.10.tgz",
      "integrity": "sha512-B3XitTFG8YeXb5lr7Nj62t1DikCDuAJ/4BDeK6GCuWREEmdunI9DWnv+81oHl2yQBQPWY/C1PmV3vaRZB4LQmw==",
      "dev": true,
      "license": "MIT",
      "dependencies": {
        "@types/babel-types": "*"
      }
    },
    "node_modules/@types/babel-types": {
      "version": "7.0.16",
      "resolved": "https://registry.npmjs.org/@types/babel-types/-/babel-types-7.0.16.tgz",
      "integrity": "sha512-5QXs9GBFTNTmilLlWBhnsprqpjfrotyrnzUdwDrywEL/DA4LuCWQT300BTOXA3Y9ngT9F2uvmCoIxI6z8DlJEA==",
      "dev": true,
      "license": "MIT"
    },
    "node_modules/@types/babylon": {
      "version": "6.16.9",
      "resolved": "https://registry.npmjs.org/@types/babylon/-/babylon-6.16.9.tgz",
      "integrity": "sha512-sEKyxMVEowhcr8WLfN0jJYe4gS4Z9KC2DGz0vqfC7+MXFbmvOF7jSjALC77thvAO2TLgFUPa9vDeOak+AcUrZA==",
      "dev": true,
      "license": "MIT",
      "dependencies": {
        "@types/babel-types": "*"
      }
    },
    "node_modules/@types/estree": {
      "version": "1.0.8",
      "resolved": "https://registry.npmjs.org/@types/estree/-/estree-1.0.8.tgz",
      "integrity": "sha512-dWHzHa2WqEXI/O1E9OjrocMTKJl2mSrEolh1Iomrv6U+JuNwaHXsXx9bLu5gG7BUWFIN0skIQJQ/L1rIex4X6w==",
      "dev": true,
      "license": "MIT"
    }
  }
}
